// !$*UTF8*$!
{
	archiveVersion = 1;
	classes = {
	};
	objectVersion = 55;
	objects = {

/* Begin PBXBuildFile section */
		965582FF27F7195F00612BA4 /* Jost-BoldItalic.ttf in Resources */ = {isa = PBXBuildFile; fileRef = 965582ED27F7195D00612BA4 /* Jost-BoldItalic.ttf */; };
		9655830027F7195F00612BA4 /* Jost-Bold.ttf in Resources */ = {isa = PBXBuildFile; fileRef = 965582EE27F7195D00612BA4 /* Jost-Bold.ttf */; };
		9655830127F7195F00612BA4 /* Jost-ExtraBoldItalic.ttf in Resources */ = {isa = PBXBuildFile; fileRef = 965582EF27F7195D00612BA4 /* Jost-ExtraBoldItalic.ttf */; };
		9655830227F7195F00612BA4 /* Jost-Italic.ttf in Resources */ = {isa = PBXBuildFile; fileRef = 965582F027F7195D00612BA4 /* Jost-Italic.ttf */; };
		9655830327F7195F00612BA4 /* Jost-ExtraBold.ttf in Resources */ = {isa = PBXBuildFile; fileRef = 965582F127F7195E00612BA4 /* Jost-ExtraBold.ttf */; };
		9655830427F7195F00612BA4 /* Jost-Light.ttf in Resources */ = {isa = PBXBuildFile; fileRef = 965582F227F7195E00612BA4 /* Jost-Light.ttf */; };
		9655830527F7195F00612BA4 /* Jost-ExtraLight.ttf in Resources */ = {isa = PBXBuildFile; fileRef = 965582F327F7195E00612BA4 /* Jost-ExtraLight.ttf */; };
		9655830627F7195F00612BA4 /* Jost-SemiBoldItalic.ttf in Resources */ = {isa = PBXBuildFile; fileRef = 965582F427F7195E00612BA4 /* Jost-SemiBoldItalic.ttf */; };
		9655830727F7195F00612BA4 /* Jost-Regular.ttf in Resources */ = {isa = PBXBuildFile; fileRef = 965582F527F7195E00612BA4 /* Jost-Regular.ttf */; };
		9655830827F7195F00612BA4 /* Jost-ThinItalic.ttf in Resources */ = {isa = PBXBuildFile; fileRef = 965582F627F7195E00612BA4 /* Jost-ThinItalic.ttf */; };
		9655830927F7195F00612BA4 /* Jost-Black.ttf in Resources */ = {isa = PBXBuildFile; fileRef = 965582F727F7195E00612BA4 /* Jost-Black.ttf */; };
		9655830A27F7195F00612BA4 /* Jost-MediumItalic.ttf in Resources */ = {isa = PBXBuildFile; fileRef = 965582F827F7195E00612BA4 /* Jost-MediumItalic.ttf */; };
		9655830B27F7195F00612BA4 /* Jost-BlackItalic.ttf in Resources */ = {isa = PBXBuildFile; fileRef = 965582F927F7195E00612BA4 /* Jost-BlackItalic.ttf */; };
		9655830C27F7195F00612BA4 /* Jost-Medium.ttf in Resources */ = {isa = PBXBuildFile; fileRef = 965582FA27F7195F00612BA4 /* Jost-Medium.ttf */; };
		9655830D27F7195F00612BA4 /* Jost-SemiBold.ttf in Resources */ = {isa = PBXBuildFile; fileRef = 965582FB27F7195F00612BA4 /* Jost-SemiBold.ttf */; };
		9655830E27F7195F00612BA4 /* Jost-LightItalic.ttf in Resources */ = {isa = PBXBuildFile; fileRef = 965582FC27F7195F00612BA4 /* Jost-LightItalic.ttf */; };
		9655830F27F7195F00612BA4 /* Jost-Thin.ttf in Resources */ = {isa = PBXBuildFile; fileRef = 965582FD27F7195F00612BA4 /* Jost-Thin.ttf */; };
		9655831027F7195F00612BA4 /* Jost-ExtraLightItalic.ttf in Resources */ = {isa = PBXBuildFile; fileRef = 965582FE27F7195F00612BA4 /* Jost-ExtraLightItalic.ttf */; };
		9678639F27F4F08400FB1D89 /* stupifiApp.swift in Sources */ = {isa = PBXBuildFile; fileRef = 9678639E27F4F08400FB1D89 /* stupifiApp.swift */; };
		967863A127F4F08400FB1D89 /* ContentView.swift in Sources */ = {isa = PBXBuildFile; fileRef = 967863A027F4F08400FB1D89 /* ContentView.swift */; };
		967863A327F4F08C00FB1D89 /* Assets.xcassets in Resources */ = {isa = PBXBuildFile; fileRef = 967863A227F4F08C00FB1D89 /* Assets.xcassets */; };
		967863A627F4F08C00FB1D89 /* Preview Assets.xcassets in Resources */ = {isa = PBXBuildFile; fileRef = 967863A527F4F08C00FB1D89 /* Preview Assets.xcassets */; };
		967863A827F4F08C00FB1D89 /* Persistence.swift in Sources */ = {isa = PBXBuildFile; fileRef = 967863A727F4F08C00FB1D89 /* Persistence.swift */; };
		967863AB27F4F08C00FB1D89 /* stupifi.xcdatamodeld in Sources */ = {isa = PBXBuildFile; fileRef = 967863A927F4F08C00FB1D89 /* stupifi.xcdatamodeld */; };
		968A94CC27F77CA600F8DF55 /* NFCHelper.swift in Sources */ = {isa = PBXBuildFile; fileRef = 968A94CB27F77CA600F8DF55 /* NFCHelper.swift */; };
		968A94CE27F8778400F8DF55 /* NFCTypes.swift in Sources */ = {isa = PBXBuildFile; fileRef = 968A94CD27F8778300F8DF55 /* NFCTypes.swift */; };
		96F9DDDC27F630C000F60FAF /* MyColors.swift in Sources */ = {isa = PBXBuildFile; fileRef = 96F9DDDB27F630BF00F60FAF /* MyColors.swift */; };
/* End PBXBuildFile section */

/* Begin PBXFileReference section */
		965582ED27F7195D00612BA4 /* Jost-BoldItalic.ttf */ = {isa = PBXFileReference; lastKnownFileType = file; path = "Jost-BoldItalic.ttf"; sourceTree = "<group>"; };
		965582EE27F7195D00612BA4 /* Jost-Bold.ttf */ = {isa = PBXFileReference; lastKnownFileType = file; path = "Jost-Bold.ttf"; sourceTree = "<group>"; };
		965582EF27F7195D00612BA4 /* Jost-ExtraBoldItalic.ttf */ = {isa = PBXFileReference; lastKnownFileType = file; path = "Jost-ExtraBoldItalic.ttf"; sourceTree = "<group>"; };
		965582F027F7195D00612BA4 /* Jost-Italic.ttf */ = {isa = PBXFileReference; lastKnownFileType = file; path = "Jost-Italic.ttf"; sourceTree = "<group>"; };
		965582F127F7195E00612BA4 /* Jost-ExtraBold.ttf */ = {isa = PBXFileReference; lastKnownFileType = file; path = "Jost-ExtraBold.ttf"; sourceTree = "<group>"; };
		965582F227F7195E00612BA4 /* Jost-Light.ttf */ = {isa = PBXFileReference; lastKnownFileType = file; path = "Jost-Light.ttf"; sourceTree = "<group>"; };
		965582F327F7195E00612BA4 /* Jost-ExtraLight.ttf */ = {isa = PBXFileReference; lastKnownFileType = file; path = "Jost-ExtraLight.ttf"; sourceTree = "<group>"; };
		965582F427F7195E00612BA4 /* Jost-SemiBoldItalic.ttf */ = {isa = PBXFileReference; lastKnownFileType = file; path = "Jost-SemiBoldItalic.ttf"; sourceTree = "<group>"; };
		965582F527F7195E00612BA4 /* Jost-Regular.ttf */ = {isa = PBXFileReference; lastKnownFileType = file; path = "Jost-Regular.ttf"; sourceTree = "<group>"; };
		965582F627F7195E00612BA4 /* Jost-ThinItalic.ttf */ = {isa = PBXFileReference; lastKnownFileType = file; path = "Jost-ThinItalic.ttf"; sourceTree = "<group>"; };
		965582F727F7195E00612BA4 /* Jost-Black.ttf */ = {isa = PBXFileReference; lastKnownFileType = file; path = "Jost-Black.ttf"; sourceTree = "<group>"; };
		965582F827F7195E00612BA4 /* Jost-MediumItalic.ttf */ = {isa = PBXFileReference; lastKnownFileType = file; path = "Jost-MediumItalic.ttf"; sourceTree = "<group>"; };
		965582F927F7195E00612BA4 /* Jost-BlackItalic.ttf */ = {isa = PBXFileReference; lastKnownFileType = file; path = "Jost-BlackItalic.ttf"; sourceTree = "<group>"; };
		965582FA27F7195F00612BA4 /* Jost-Medium.ttf */ = {isa = PBXFileReference; lastKnownFileType = file; path = "Jost-Medium.ttf"; sourceTree = "<group>"; };
		965582FB27F7195F00612BA4 /* Jost-SemiBold.ttf */ = {isa = PBXFileReference; lastKnownFileType = file; path = "Jost-SemiBold.ttf"; sourceTree = "<group>"; };
		965582FC27F7195F00612BA4 /* Jost-LightItalic.ttf */ = {isa = PBXFileReference; lastKnownFileType = file; path = "Jost-LightItalic.ttf"; sourceTree = "<group>"; };
		965582FD27F7195F00612BA4 /* Jost-Thin.ttf */ = {isa = PBXFileReference; lastKnownFileType = file; path = "Jost-Thin.ttf"; sourceTree = "<group>"; };
		965582FE27F7195F00612BA4 /* Jost-ExtraLightItalic.ttf */ = {isa = PBXFileReference; lastKnownFileType = file; path = "Jost-ExtraLightItalic.ttf"; sourceTree = "<group>"; };
		9655831127F719DF00612BA4 /* Info.plist */ = {isa = PBXFileReference; lastKnownFileType = text.plist; path = Info.plist; sourceTree = "<group>"; };
		9678639B27F4F08400FB1D89 /* stupifi.app */ = {isa = PBXFileReference; explicitFileType = wrapper.application; includeInIndex = 0; path = stupifi.app; sourceTree = BUILT_PRODUCTS_DIR; };
		9678639E27F4F08400FB1D89 /* stupifiApp.swift */ = {isa = PBXFileReference; lastKnownFileType = sourcecode.swift; path = stupifiApp.swift; sourceTree = "<group>"; };
		967863A027F4F08400FB1D89 /* ContentView.swift */ = {isa = PBXFileReference; lastKnownFileType = sourcecode.swift; path = ContentView.swift; sourceTree = "<group>"; };
		967863A227F4F08C00FB1D89 /* Assets.xcassets */ = {isa = PBXFileReference; lastKnownFileType = folder.assetcatalog; path = Assets.xcassets; sourceTree = "<group>"; };
		967863A527F4F08C00FB1D89 /* Preview Assets.xcassets */ = {isa = PBXFileReference; lastKnownFileType = folder.assetcatalog; path = "Preview Assets.xcassets"; sourceTree = "<group>"; };
		967863A727F4F08C00FB1D89 /* Persistence.swift */ = {isa = PBXFileReference; lastKnownFileType = sourcecode.swift; path = Persistence.swift; sourceTree = "<group>"; };
		967863AA27F4F08C00FB1D89 /* stupifi.xcdatamodel */ = {isa = PBXFileReference; lastKnownFileType = wrapper.xcdatamodel; path = stupifi.xcdatamodel; sourceTree = "<group>"; };
		968A94CA27F77ABB00F8DF55 /* stupifi.entitlements */ = {isa = PBXFileReference; lastKnownFileType = text.plist.entitlements; path = stupifi.entitlements; sourceTree = "<group>"; };
		968A94CB27F77CA600F8DF55 /* NFCHelper.swift */ = {isa = PBXFileReference; lastKnownFileType = sourcecode.swift; path = NFCHelper.swift; sourceTree = "<group>"; };
		968A94CD27F8778300F8DF55 /* NFCTypes.swift */ = {isa = PBXFileReference; lastKnownFileType = sourcecode.swift; path = NFCTypes.swift; sourceTree = "<group>"; };
		96F9DDDB27F630BF00F60FAF /* MyColors.swift */ = {isa = PBXFileReference; lastKnownFileType = sourcecode.swift; path = MyColors.swift; sourceTree = "<group>"; };
/* End PBXFileReference section */

/* Begin PBXFrameworksBuildPhase section */
		9678639827F4F08300FB1D89 /* Frameworks */ = {
			isa = PBXFrameworksBuildPhase;
			buildActionMask = 2147483647;
			files = (
			);
			runOnlyForDeploymentPostprocessing = 0;
		};
/* End PBXFrameworksBuildPhase section */

/* Begin PBXGroup section */
		965582EB27F7193500612BA4 /* Fonts */ = {
			isa = PBXGroup;
			children = (
				965582F727F7195E00612BA4 /* Jost-Black.ttf */,
				965582F927F7195E00612BA4 /* Jost-BlackItalic.ttf */,
				965582EE27F7195D00612BA4 /* Jost-Bold.ttf */,
				965582ED27F7195D00612BA4 /* Jost-BoldItalic.ttf */,
				965582F127F7195E00612BA4 /* Jost-ExtraBold.ttf */,
				965582EF27F7195D00612BA4 /* Jost-ExtraBoldItalic.ttf */,
				965582F327F7195E00612BA4 /* Jost-ExtraLight.ttf */,
				965582FE27F7195F00612BA4 /* Jost-ExtraLightItalic.ttf */,
				965582F027F7195D00612BA4 /* Jost-Italic.ttf */,
				965582F227F7195E00612BA4 /* Jost-Light.ttf */,
				965582FC27F7195F00612BA4 /* Jost-LightItalic.ttf */,
				965582FA27F7195F00612BA4 /* Jost-Medium.ttf */,
				965582F827F7195E00612BA4 /* Jost-MediumItalic.ttf */,
				965582F527F7195E00612BA4 /* Jost-Regular.ttf */,
				965582FB27F7195F00612BA4 /* Jost-SemiBold.ttf */,
				965582F427F7195E00612BA4 /* Jost-SemiBoldItalic.ttf */,
				965582FD27F7195F00612BA4 /* Jost-Thin.ttf */,
				965582F627F7195E00612BA4 /* Jost-ThinItalic.ttf */,
			);
			path = Fonts;
			sourceTree = "<group>";
		};
		965582EC27F7193E00612BA4 /* Assets */ = {
			isa = PBXGroup;
			children = (
				965582EB27F7193500612BA4 /* Fonts */,
				967863A227F4F08C00FB1D89 /* Assets.xcassets */,
			);
			path = Assets;
			sourceTree = "<group>";
		};
		9678639227F4F08300FB1D89 = {
			isa = PBXGroup;
			children = (
				9678639D27F4F08400FB1D89 /* stupifi */,
				9678639C27F4F08400FB1D89 /* Products */,
			);
			sourceTree = "<group>";
		};
		9678639C27F4F08400FB1D89 /* Products */ = {
			isa = PBXGroup;
			children = (
				9678639B27F4F08400FB1D89 /* stupifi.app */,
			);
			name = Products;
			sourceTree = "<group>";
		};
		9678639D27F4F08400FB1D89 /* stupifi */ = {
			isa = PBXGroup;
			children = (
				968A94CA27F77ABB00F8DF55 /* stupifi.entitlements */,
				9655831127F719DF00612BA4 /* Info.plist */,
				9678639E27F4F08400FB1D89 /* stupifiApp.swift */,
				967863A027F4F08400FB1D89 /* ContentView.swift */,
				965582EC27F7193E00612BA4 /* Assets */,
				967863A727F4F08C00FB1D89 /* Persistence.swift */,
				967863A927F4F08C00FB1D89 /* stupifi.xcdatamodeld */,
				967863A427F4F08C00FB1D89 /* Preview Content */,
				96F9DDDB27F630BF00F60FAF /* MyColors.swift */,
				968A94CB27F77CA600F8DF55 /* NFCHelper.swift */,
				968A94CD27F8778300F8DF55 /* NFCTypes.swift */,
			);
			path = stupifi;
			sourceTree = "<group>";
		};
		967863A427F4F08C00FB1D89 /* Preview Content */ = {
			isa = PBXGroup;
			children = (
				967863A527F4F08C00FB1D89 /* Preview Assets.xcassets */,
			);
			path = "Preview Content";
			sourceTree = "<group>";
		};
/* End PBXGroup section */

/* Begin PBXNativeTarget section */
		9678639A27F4F08300FB1D89 /* stupifi */ = {
			isa = PBXNativeTarget;
			buildConfigurationList = 967863AE27F4F08C00FB1D89 /* Build configuration list for PBXNativeTarget "stupifi" */;
			buildPhases = (
				9678639727F4F08300FB1D89 /* Sources */,
				9678639827F4F08300FB1D89 /* Frameworks */,
				9678639927F4F08300FB1D89 /* Resources */,
			);
			buildRules = (
			);
			dependencies = (
			);
			name = stupifi;
			productName = stupifi;
			productReference = 9678639B27F4F08400FB1D89 /* stupifi.app */;
			productType = "com.apple.product-type.application";
		};
/* End PBXNativeTarget section */

/* Begin PBXProject section */
		9678639327F4F08300FB1D89 /* Project object */ = {
			isa = PBXProject;
			attributes = {
				BuildIndependentTargetsInParallel = 1;
				LastSwiftUpdateCheck = 1300;
				LastUpgradeCheck = 1300;
				TargetAttributes = {
					9678639A27F4F08300FB1D89 = {
						CreatedOnToolsVersion = 13.0;
					};
				};
			};
			buildConfigurationList = 9678639627F4F08300FB1D89 /* Build configuration list for PBXProject "stupifi" */;
			compatibilityVersion = "Xcode 13.0";
			developmentRegion = en;
			hasScannedForEncodings = 0;
			knownRegions = (
				en,
				Base,
			);
			mainGroup = 9678639227F4F08300FB1D89;
			productRefGroup = 9678639C27F4F08400FB1D89 /* Products */;
			projectDirPath = "";
			projectRoot = "";
			targets = (
				9678639A27F4F08300FB1D89 /* stupifi */,
			);
		};
/* End PBXProject section */

/* Begin PBXResourcesBuildPhase section */
		9678639927F4F08300FB1D89 /* Resources */ = {
			isa = PBXResourcesBuildPhase;
			buildActionMask = 2147483647;
			files = (
				9655830327F7195F00612BA4 /* Jost-ExtraBold.ttf in Resources */,
				9655830827F7195F00612BA4 /* Jost-ThinItalic.ttf in Resources */,
				9655830227F7195F00612BA4 /* Jost-Italic.ttf in Resources */,
				965582FF27F7195F00612BA4 /* Jost-BoldItalic.ttf in Resources */,
				9655830B27F7195F00612BA4 /* Jost-BlackItalic.ttf in Resources */,
				9655830927F7195F00612BA4 /* Jost-Black.ttf in Resources */,
				9655830527F7195F00612BA4 /* Jost-ExtraLight.ttf in Resources */,
				967863A627F4F08C00FB1D89 /* Preview Assets.xcassets in Resources */,
				9655830627F7195F00612BA4 /* Jost-SemiBoldItalic.ttf in Resources */,
				9655830E27F7195F00612BA4 /* Jost-LightItalic.ttf in Resources */,
				9655830C27F7195F00612BA4 /* Jost-Medium.ttf in Resources */,
				9655830D27F7195F00612BA4 /* Jost-SemiBold.ttf in Resources */,
				9655831027F7195F00612BA4 /* Jost-ExtraLightItalic.ttf in Resources */,
				9655830127F7195F00612BA4 /* Jost-ExtraBoldItalic.ttf in Resources */,
				9655830727F7195F00612BA4 /* Jost-Regular.ttf in Resources */,
				9655830F27F7195F00612BA4 /* Jost-Thin.ttf in Resources */,
				967863A327F4F08C00FB1D89 /* Assets.xcassets in Resources */,
				9655830027F7195F00612BA4 /* Jost-Bold.ttf in Resources */,
				9655830427F7195F00612BA4 /* Jost-Light.ttf in Resources */,
				9655830A27F7195F00612BA4 /* Jost-MediumItalic.ttf in Resources */,
			);
			runOnlyForDeploymentPostprocessing = 0;
		};
/* End PBXResourcesBuildPhase section */

/* Begin PBXSourcesBuildPhase section */
		9678639727F4F08300FB1D89 /* Sources */ = {
			isa = PBXSourcesBuildPhase;
			buildActionMask = 2147483647;
			files = (
				968A94CE27F8778400F8DF55 /* NFCTypes.swift in Sources */,
				96F9DDDC27F630C000F60FAF /* MyColors.swift in Sources */,
				968A94CC27F77CA600F8DF55 /* NFCHelper.swift in Sources */,
				967863AB27F4F08C00FB1D89 /* stupifi.xcdatamodeld in Sources */,
				967863A827F4F08C00FB1D89 /* Persistence.swift in Sources */,
				967863A127F4F08400FB1D89 /* ContentView.swift in Sources */,
				9678639F27F4F08400FB1D89 /* stupifiApp.swift in Sources */,
			);
			runOnlyForDeploymentPostprocessing = 0;
		};
/* End PBXSourcesBuildPhase section */

/* Begin XCBuildConfiguration section */
		967863AC27F4F08C00FB1D89 /* Debug */ = {
			isa = XCBuildConfiguration;
			buildSettings = {
				ALWAYS_SEARCH_USER_PATHS = NO;
				CLANG_ANALYZER_NONNULL = YES;
				CLANG_ANALYZER_NUMBER_OBJECT_CONVERSION = YES_AGGRESSIVE;
				CLANG_CXX_LANGUAGE_STANDARD = "gnu++17";
				CLANG_CXX_LIBRARY = "libc++";
				CLANG_ENABLE_MODULES = YES;
				CLANG_ENABLE_OBJC_ARC = YES;
				CLANG_ENABLE_OBJC_WEAK = YES;
				CLANG_WARN_BLOCK_CAPTURE_AUTORELEASING = YES;
				CLANG_WARN_BOOL_CONVERSION = YES;
				CLANG_WARN_COMMA = YES;
				CLANG_WARN_CONSTANT_CONVERSION = YES;
				CLANG_WARN_DEPRECATED_OBJC_IMPLEMENTATIONS = YES;
				CLANG_WARN_DIRECT_OBJC_ISA_USAGE = YES_ERROR;
				CLANG_WARN_DOCUMENTATION_COMMENTS = YES;
				CLANG_WARN_EMPTY_BODY = YES;
				CLANG_WARN_ENUM_CONVERSION = YES;
				CLANG_WARN_INFINITE_RECURSION = YES;
				CLANG_WARN_INT_CONVERSION = YES;
				CLANG_WARN_NON_LITERAL_NULL_CONVERSION = YES;
				CLANG_WARN_OBJC_IMPLICIT_RETAIN_SELF = YES;
				CLANG_WARN_OBJC_LITERAL_CONVERSION = YES;
				CLANG_WARN_OBJC_ROOT_CLASS = YES_ERROR;
				CLANG_WARN_QUOTED_INCLUDE_IN_FRAMEWORK_HEADER = YES;
				CLANG_WARN_RANGE_LOOP_ANALYSIS = YES;
				CLANG_WARN_STRICT_PROTOTYPES = YES;
				CLANG_WARN_SUSPICIOUS_MOVE = YES;
				CLANG_WARN_UNGUARDED_AVAILABILITY = YES_AGGRESSIVE;
				CLANG_WARN_UNREACHABLE_CODE = YES;
				CLANG_WARN__DUPLICATE_METHOD_MATCH = YES;
				COPY_PHASE_STRIP = NO;
				DEBUG_INFORMATION_FORMAT = dwarf;
				ENABLE_STRICT_OBJC_MSGSEND = YES;
				ENABLE_TESTABILITY = YES;
				GCC_C_LANGUAGE_STANDARD = gnu11;
				GCC_DYNAMIC_NO_PIC = NO;
				GCC_NO_COMMON_BLOCKS = YES;
				GCC_OPTIMIZATION_LEVEL = 0;
				GCC_PREPROCESSOR_DEFINITIONS = (
					"DEBUG=1",
					"$(inherited)",
				);
				GCC_WARN_64_TO_32_BIT_CONVERSION = YES;
				GCC_WARN_ABOUT_RETURN_TYPE = YES_ERROR;
				GCC_WARN_UNDECLARED_SELECTOR = YES;
				GCC_WARN_UNINITIALIZED_AUTOS = YES_AGGRESSIVE;
				GCC_WARN_UNUSED_FUNCTION = YES;
				GCC_WARN_UNUSED_VARIABLE = YES;
				IPHONEOS_DEPLOYMENT_TARGET = 15.0;
				MTL_ENABLE_DEBUG_INFO = INCLUDE_SOURCE;
				MTL_FAST_MATH = YES;
				ONLY_ACTIVE_ARCH = YES;
				SDKROOT = iphoneos;
				SWIFT_ACTIVE_COMPILATION_CONDITIONS = DEBUG;
				SWIFT_OPTIMIZATION_LEVEL = "-Onone";
			};
			name = Debug;
		};
		967863AD27F4F08C00FB1D89 /* Release */ = {
			isa = XCBuildConfiguration;
			buildSettings = {
				ALWAYS_SEARCH_USER_PATHS = NO;
				CLANG_ANALYZER_NONNULL = YES;
				CLANG_ANALYZER_NUMBER_OBJECT_CONVERSION = YES_AGGRESSIVE;
				CLANG_CXX_LANGUAGE_STANDARD = "gnu++17";
				CLANG_CXX_LIBRARY = "libc++";
				CLANG_ENABLE_MODULES = YES;
				CLANG_ENABLE_OBJC_ARC = YES;
				CLANG_ENABLE_OBJC_WEAK = YES;
				CLANG_WARN_BLOCK_CAPTURE_AUTORELEASING = YES;
				CLANG_WARN_BOOL_CONVERSION = YES;
				CLANG_WARN_COMMA = YES;
				CLANG_WARN_CONSTANT_CONVERSION = YES;
				CLANG_WARN_DEPRECATED_OBJC_IMPLEMENTATIONS = YES;
				CLANG_WARN_DIRECT_OBJC_ISA_USAGE = YES_ERROR;
				CLANG_WARN_DOCUMENTATION_COMMENTS = YES;
				CLANG_WARN_EMPTY_BODY = YES;
				CLANG_WARN_ENUM_CONVERSION = YES;
				CLANG_WARN_INFINITE_RECURSION = YES;
				CLANG_WARN_INT_CONVERSION = YES;
				CLANG_WARN_NON_LITERAL_NULL_CONVERSION = YES;
				CLANG_WARN_OBJC_IMPLICIT_RETAIN_SELF = YES;
				CLANG_WARN_OBJC_LITERAL_CONVERSION = YES;
				CLANG_WARN_OBJC_ROOT_CLASS = YES_ERROR;
				CLANG_WARN_QUOTED_INCLUDE_IN_FRAMEWORK_HEADER = YES;
				CLANG_WARN_RANGE_LOOP_ANALYSIS = YES;
				CLANG_WARN_STRICT_PROTOTYPES = YES;
				CLANG_WARN_SUSPICIOUS_MOVE = YES;
				CLANG_WARN_UNGUARDED_AVAILABILITY = YES_AGGRESSIVE;
				CLANG_WARN_UNREACHABLE_CODE = YES;
				CLANG_WARN__DUPLICATE_METHOD_MATCH = YES;
				COPY_PHASE_STRIP = NO;
				DEBUG_INFORMATION_FORMAT = "dwarf-with-dsym";
				ENABLE_NS_ASSERTIONS = NO;
				ENABLE_STRICT_OBJC_MSGSEND = YES;
				GCC_C_LANGUAGE_STANDARD = gnu11;
				GCC_NO_COMMON_BLOCKS = YES;
				GCC_WARN_64_TO_32_BIT_CONVERSION = YES;
				GCC_WARN_ABOUT_RETURN_TYPE = YES_ERROR;
				GCC_WARN_UNDECLARED_SELECTOR = YES;
				GCC_WARN_UNINITIALIZED_AUTOS = YES_AGGRESSIVE;
				GCC_WARN_UNUSED_FUNCTION = YES;
				GCC_WARN_UNUSED_VARIABLE = YES;
				IPHONEOS_DEPLOYMENT_TARGET = 15.0;
				MTL_ENABLE_DEBUG_INFO = NO;
				MTL_FAST_MATH = YES;
				SDKROOT = iphoneos;
				SWIFT_COMPILATION_MODE = wholemodule;
				SWIFT_OPTIMIZATION_LEVEL = "-O";
				VALIDATE_PRODUCT = YES;
			};
			name = Release;
		};
		967863AF27F4F08C00FB1D89 /* Debug */ = {
			isa = XCBuildConfiguration;
			buildSettings = {
				ASSETCATALOG_COMPILER_APPICON_NAME = AppIcon;
				ASSETCATALOG_COMPILER_GLOBAL_ACCENT_COLOR_NAME = AccentColor;
				CODE_SIGN_ENTITLEMENTS = stupifi/stupifi.entitlements;
				CODE_SIGN_STYLE = Automatic;
				CURRENT_PROJECT_VERSION = 1;
				DEVELOPMENT_ASSET_PATHS = "\"stupifi/Preview Content\"";
				DEVELOPMENT_TEAM = DLG7YMAG67;
				ENABLE_PREVIEWS = YES;
				GENERATE_INFOPLIST_FILE = YES;
				INFOPLIST_FILE = stupifi/Info.plist;
				INFOPLIST_KEY_UIApplicationSceneManifest_Generation = YES;
				INFOPLIST_KEY_UIApplicationSupportsIndirectInputEvents = YES;
				INFOPLIST_KEY_UILaunchScreen_Generation = YES;
				INFOPLIST_KEY_UISupportedInterfaceOrientations_iPad = "UIInterfaceOrientationPortrait UIInterfaceOrientationPortraitUpsideDown UIInterfaceOrientationLandscapeLeft UIInterfaceOrientationLandscapeRight";
				INFOPLIST_KEY_UISupportedInterfaceOrientations_iPhone = "UIInterfaceOrientationPortrait UIInterfaceOrientationLandscapeLeft UIInterfaceOrientationLandscapeRight";
				IPHONEOS_DEPLOYMENT_TARGET = 14.0;
				LD_RUNPATH_SEARCH_PATHS = (
					"$(inherited)",
					"@executable_path/Frameworks",
				);
				MARKETING_VERSION = 1.0;
				PRODUCT_BUNDLE_IDENTIFIER = co.uk.neurify.stupifi;
				PRODUCT_NAME = "$(TARGET_NAME)";
				SWIFT_EMIT_LOC_STRINGS = YES;
				SWIFT_VERSION = 5.0;
				TARGETED_DEVICE_FAMILY = "1,2";
			};
			name = Debug;
		};
		967863B027F4F08C00FB1D89 /* Release */ = {
			isa = XCBuildConfiguration;
			buildSettings = {
				ASSETCATALOG_COMPILER_APPICON_NAME = AppIcon;
				ASSETCATALOG_COMPILER_GLOBAL_ACCENT_COLOR_NAME = AccentColor;
				CODE_SIGN_ENTITLEMENTS = stupifi/stupifi.entitlements;
				CODE_SIGN_STYLE = Automatic;
				CURRENT_PROJECT_VERSION = 1;
				DEVELOPMENT_ASSET_PATHS = "\"stupifi/Preview Content\"";
				DEVELOPMENT_TEAM = DLG7YMAG67;
				ENABLE_PREVIEWS = YES;
				GENERATE_INFOPLIST_FILE = YES;
				INFOPLIST_FILE = stupifi/Info.plist;
				INFOPLIST_KEY_UIApplicationSceneManifest_Generation = YES;
				INFOPLIST_KEY_UIApplicationSupportsIndirectInputEvents = YES;
				INFOPLIST_KEY_UILaunchScreen_Generation = YES;
				INFOPLIST_KEY_UISupportedInterfaceOrientations_iPad = "UIInterfaceOrientationPortrait UIInterfaceOrientationPortraitUpsideDown UIInterfaceOrientationLandscapeLeft UIInterfaceOrientationLandscapeRight";
				INFOPLIST_KEY_UISupportedInterfaceOrientations_iPhone = "UIInterfaceOrientationPortrait UIInterfaceOrientationLandscapeLeft UIInterfaceOrientationLandscapeRight";
				IPHONEOS_DEPLOYMENT_TARGET = 14.0;
				LD_RUNPATH_SEARCH_PATHS = (
					"$(inherited)",
					"@executable_path/Frameworks",
				);
				MARKETING_VERSION = 1.0;
				PRODUCT_BUNDLE_IDENTIFIER = co.uk.neurify.stupifi;
				PRODUCT_NAME = "$(TARGET_NAME)";
				SWIFT_EMIT_LOC_STRINGS = YES;
				SWIFT_VERSION = 5.0;
				TARGETED_DEVICE_FAMILY = "1,2";
			};
			name = Release;
		};
/* End XCBuildConfiguration section */

/* Begin XCConfigurationList section */
		9678639627F4F08300FB1D89 /* Build configuration list for PBXProject "stupifi" */ = {
			isa = XCConfigurationList;
			buildConfigurations = (
				967863AC27F4F08C00FB1D89 /* Debug */,
				967863AD27F4F08C00FB1D89 /* Release */,
			);
			defaultConfigurationIsVisible = 0;
			defaultConfigurationName = Release;
		};
		967863AE27F4F08C00FB1D89 /* Build configuration list for PBXNativeTarget "stupifi" */ = {
			isa = XCConfigurationList;
			buildConfigurations = (
				967863AF27F4F08C00FB1D89 /* Debug */,
				967863B027F4F08C00FB1D89 /* Release */,
			);
			defaultConfigurationIsVisible = 0;
			defaultConfigurationName = Release;
		};
/* End XCConfigurationList section */

/* Begin XCVersionGroup section */
		967863A927F4F08C00FB1D89 /* stupifi.xcdatamodeld */ = {
			isa = XCVersionGroup;
			children = (
				967863AA27F4F08C00FB1D89 /* stupifi.xcdatamodel */,
			);
			currentVersion = 967863AA27F4F08C00FB1D89 /* stupifi.xcdatamodel */;
			path = stupifi.xcdatamodeld;
			sourceTree = "<group>";
			versionGroupType = wrapper.xcdatamodel;
		};
/* End XCVersionGroup section */
	};
	rootObject = 9678639327F4F08300FB1D89 /* Project object */;
}
